{
  "version": 4,
  "terraform_version": "1.7.5",
  "serial": 1,
  "lineage": "5957bb2b-7c41-2a2f-b191-fa55ee70d908",
  "outputs": {},
  "resources": [
    {
      "mode": "data",
      "type": "aws_key_pair",
      "name": "key",
      "provider": "provider[\"registry.terraform.io/hashicorp/aws\"]",
      "instances": [
        {
          "schema_version": 0,
          "attributes": {
            "arn": "arn:aws:ec2:us-east-1:339712813986:key-pair/mykey",
            "create_time": "2024-03-29T10:21:09Z",
            "filter": null,
            "fingerprint": "9f:df:4c:bd:3b:f6:b4:f3:76:ae:4e:8f:47:c8:45:f4:2e:7a:04:1d",
            "id": "key-01a897ce9b76636fd",
            "include_public_key": false,
            "key_name": "mykey",
            "key_pair_id": "key-01a897ce9b76636fd",
            "key_type": "rsa",
            "public_key": "",
            "tags": {},
            "timeouts": null
          },
          "sensitive_attributes": []
        }
      ]
    },
    {
      "mode": "managed",
      "type": "aws_instance",
      "name": "monitoring",
      "provider": "provider[\"registry.terraform.io/hashicorp/aws\"]",
      "instances": [
        {
          "index_key": 0,
          "schema_version": 1,
          "attributes": {
            "ami": "ami-0c101f26f147fa7fd",
            "arn": "arn:aws:ec2:us-east-1:339712813986:instance/i-0c7f0f4e62bf53b38",
            "associate_public_ip_address": true,
            "availability_zone": "us-east-1d",
            "capacity_reservation_specification": [
              {
                "capacity_reservation_preference": "open",
                "capacity_reservation_target": []
              }
            ],
            "cpu_core_count": 1,
            "cpu_options": [
              {
                "amd_sev_snp": "",
                "core_count": 1,
                "threads_per_core": 1
              }
            ],
            "cpu_threads_per_core": 1,
            "credit_specification": [
              {
                "cpu_credits": "standard"
              }
            ],
            "disable_api_stop": false,
            "disable_api_termination": false,
            "ebs_block_device": [],
            "ebs_optimized": false,
            "enclave_options": [
              {
                "enabled": false
              }
            ],
            "ephemeral_block_device": [],
            "get_password_data": false,
            "hibernation": false,
            "host_id": "",
            "host_resource_group_arn": null,
            "iam_instance_profile": "",
            "id": "i-0c7f0f4e62bf53b38",
            "instance_initiated_shutdown_behavior": "stop",
            "instance_lifecycle": "",
            "instance_market_options": [],
            "instance_state": "running",
            "instance_type": "t2.micro",
            "ipv6_address_count": 0,
            "ipv6_addresses": [],
            "key_name": "mykey",
            "launch_template": [],
            "maintenance_options": [
              {
                "auto_recovery": "default"
              }
            ],
            "metadata_options": [
              {
                "http_endpoint": "enabled",
                "http_protocol_ipv6": "disabled",
                "http_put_response_hop_limit": 2,
                "http_tokens": "required",
                "instance_metadata_tags": "disabled"
              }
            ],
            "monitoring": false,
            "network_interface": [],
            "outpost_arn": "",
            "password_data": "",
            "placement_group": "",
            "placement_partition_number": 0,
            "primary_network_interface_id": "eni-0f8230544ca013469",
            "private_dns": "ip-10-10-0-160.ec2.internal",
            "private_dns_name_options": [
              {
                "enable_resource_name_dns_a_record": false,
                "enable_resource_name_dns_aaaa_record": false,
                "hostname_type": "ip-name"
              }
            ],
            "private_ip": "10.10.0.160",
            "public_dns": "",
            "public_ip": "18.234.150.230",
            "root_block_device": [
              {
                "delete_on_termination": true,
                "device_name": "/dev/xvda",
                "encrypted": false,
                "iops": 3000,
                "kms_key_id": "",
                "tags": {},
                "tags_all": {
                  "env": "Dev",
                  "project": "cerberus",
                  "region": "virginia"
                },
                "throughput": 125,
                "volume_id": "vol-0f7c0187d8b14caba",
                "volume_size": 8,
                "volume_type": "gp3"
              }
            ],
            "secondary_private_ips": [],
            "security_groups": [],
            "source_dest_check": true,
            "spot_instance_request_id": "",
            "subnet_id": "subnet-088fc44fd535e1bf6",
            "tags": {
              "Name": "Monitoring"
            },
            "tags_all": {
              "Name": "Monitoring",
              "env": "Dev",
              "project": "cerberus",
              "region": "virginia"
            },
            "tenancy": "default",
            "timeouts": null,
            "user_data": null,
            "user_data_base64": null,
            "user_data_replace_on_change": false,
            "volume_tags": null,
            "vpc_security_group_ids": [
              "sg-01a310e8fb20c513b"
            ]
          },
          "sensitive_attributes": [],
          "private": "eyJlMmJmYjczMC1lY2FhLTExZTYtOGY4OC0zNDM2M2JjN2M0YzAiOnsiY3JlYXRlIjo2MDAwMDAwMDAwMDAsImRlbGV0ZSI6MTIwMDAwMDAwMDAwMCwicmVhZCI6OTAwMDAwMDAwMDAwLCJ1cGRhdGUiOjYwMDAwMDAwMDAwMH0sInNjaGVtYV92ZXJzaW9uIjoiMSJ9",
          "dependencies": [
            "aws_security_group.sg_public_instance",
            "aws_subnet.public_subnet",
            "aws_vpc.vpc_virginia",
            "data.aws_key_pair.key"
          ]
        }
      ]
    },
    {
      "mode": "managed",
      "type": "aws_instance",
      "name": "public_instance",
      "provider": "provider[\"registry.terraform.io/hashicorp/aws\"]",
      "instances": [
        {
          "index_key": "apache",
          "schema_version": 1,
          "attributes": {
            "ami": "ami-0c101f26f147fa7fd",
            "arn": "arn:aws:ec2:us-east-1:339712813986:instance/i-021bc0b7e28e129d4",
            "associate_public_ip_address": true,
            "availability_zone": "us-east-1d",
            "capacity_reservation_specification": [
              {
                "capacity_reservation_preference": "open",
                "capacity_reservation_target": []
              }
            ],
            "cpu_core_count": 1,
            "cpu_options": [
              {
                "amd_sev_snp": "",
                "core_count": 1,
                "threads_per_core": 1
              }
            ],
            "cpu_threads_per_core": 1,
            "credit_specification": [
              {
                "cpu_credits": "standard"
              }
            ],
            "disable_api_stop": false,
            "disable_api_termination": false,
            "ebs_block_device": [],
            "ebs_optimized": false,
            "enclave_options": [
              {
                "enabled": false
              }
            ],
            "ephemeral_block_device": [],
            "get_password_data": false,
            "hibernation": false,
            "host_id": "",
            "host_resource_group_arn": null,
            "iam_instance_profile": "",
            "id": "i-021bc0b7e28e129d4",
            "instance_initiated_shutdown_behavior": "stop",
            "instance_lifecycle": "",
            "instance_market_options": [],
            "instance_state": "running",
            "instance_type": "t2.micro",
            "ipv6_address_count": 0,
            "ipv6_addresses": [],
            "key_name": "mykey",
            "launch_template": [],
            "maintenance_options": [
              {
                "auto_recovery": "default"
              }
            ],
            "metadata_options": [
              {
                "http_endpoint": "enabled",
                "http_protocol_ipv6": "disabled",
                "http_put_response_hop_limit": 2,
                "http_tokens": "required",
                "instance_metadata_tags": "disabled"
              }
            ],
            "monitoring": false,
            "network_interface": [],
            "outpost_arn": "",
            "password_data": "",
            "placement_group": "",
            "placement_partition_number": 0,
            "primary_network_interface_id": "eni-0e1c68de8616d44c0",
            "private_dns": "ip-10-10-0-188.ec2.internal",
            "private_dns_name_options": [
              {
                "enable_resource_name_dns_a_record": false,
                "enable_resource_name_dns_aaaa_record": false,
                "hostname_type": "ip-name"
              }
            ],
            "private_ip": "10.10.0.188",
            "public_dns": "",
            "public_ip": "54.235.33.157",
            "root_block_device": [
              {
                "delete_on_termination": true,
                "device_name": "/dev/xvda",
                "encrypted": false,
                "iops": 3000,
                "kms_key_id": "",
                "tags": {},
                "tags_all": {
                  "env": "Dev",
                  "project": "cerberus",
                  "region": "virginia"
                },
                "throughput": 125,
                "volume_id": "vol-0e1815ca631913a71",
                "volume_size": 8,
                "volume_type": "gp3"
              }
            ],
            "secondary_private_ips": [],
            "security_groups": [],
            "source_dest_check": true,
            "spot_instance_request_id": "",
            "subnet_id": "subnet-088fc44fd535e1bf6",
            "tags": {
              "Name": "apache"
            },
            "tags_all": {
              "Name": "apache",
              "env": "Dev",
              "project": "cerberus",
              "region": "virginia"
            },
            "tenancy": "default",
            "timeouts": null,
            "user_data": null,
            "user_data_base64": null,
            "user_data_replace_on_change": false,
            "volume_tags": null,
            "vpc_security_group_ids": [
              "sg-01a310e8fb20c513b"
            ]
          },
          "sensitive_attributes": [],
          "private": "eyJlMmJmYjczMC1lY2FhLTExZTYtOGY4OC0zNDM2M2JjN2M0YzAiOnsiY3JlYXRlIjo2MDAwMDAwMDAwMDAsImRlbGV0ZSI6MTIwMDAwMDAwMDAwMCwicmVhZCI6OTAwMDAwMDAwMDAwLCJ1cGRhdGUiOjYwMDAwMDAwMDAwMH0sInNjaGVtYV92ZXJzaW9uIjoiMSJ9",
          "dependencies": [
            "aws_security_group.sg_public_instance",
            "aws_subnet.public_subnet",
            "aws_vpc.vpc_virginia",
            "data.aws_key_pair.key"
          ]
        },
        {
          "index_key": "jumpserver",
          "schema_version": 1,
          "attributes": {
            "ami": "ami-0c101f26f147fa7fd",
            "arn": "arn:aws:ec2:us-east-1:339712813986:instance/i-066ac92e8b3b74dc6",
            "associate_public_ip_address": true,
            "availability_zone": "us-east-1d",
            "capacity_reservation_specification": [
              {
                "capacity_reservation_preference": "open",
                "capacity_reservation_target": []
              }
            ],
            "cpu_core_count": 1,
            "cpu_options": [
              {
                "amd_sev_snp": "",
                "core_count": 1,
                "threads_per_core": 1
              }
            ],
            "cpu_threads_per_core": 1,
            "credit_specification": [
              {
                "cpu_credits": "standard"
              }
            ],
            "disable_api_stop": false,
            "disable_api_termination": false,
            "ebs_block_device": [],
            "ebs_optimized": false,
            "enclave_options": [
              {
                "enabled": false
              }
            ],
            "ephemeral_block_device": [],
            "get_password_data": false,
            "hibernation": false,
            "host_id": "",
            "host_resource_group_arn": null,
            "iam_instance_profile": "",
            "id": "i-066ac92e8b3b74dc6",
            "instance_initiated_shutdown_behavior": "stop",
            "instance_lifecycle": "",
            "instance_market_options": [],
            "instance_state": "running",
            "instance_type": "t2.micro",
            "ipv6_address_count": 0,
            "ipv6_addresses": [],
            "key_name": "mykey",
            "launch_template": [],
            "maintenance_options": [
              {
                "auto_recovery": "default"
              }
            ],
            "metadata_options": [
              {
                "http_endpoint": "enabled",
                "http_protocol_ipv6": "disabled",
                "http_put_response_hop_limit": 2,
                "http_tokens": "required",
                "instance_metadata_tags": "disabled"
              }
            ],
            "monitoring": false,
            "network_interface": [],
            "outpost_arn": "",
            "password_data": "",
            "placement_group": "",
            "placement_partition_number": 0,
            "primary_network_interface_id": "eni-000cd45d00ef0c648",
            "private_dns": "ip-10-10-0-189.ec2.internal",
            "private_dns_name_options": [
              {
                "enable_resource_name_dns_a_record": false,
                "enable_resource_name_dns_aaaa_record": false,
                "hostname_type": "ip-name"
              }
            ],
            "private_ip": "10.10.0.189",
            "public_dns": "",
            "public_ip": "44.220.136.166",
            "root_block_device": [
              {
                "delete_on_termination": true,
                "device_name": "/dev/xvda",
                "encrypted": false,
                "iops": 3000,
                "kms_key_id": "",
                "tags": {},
                "tags_all": {
                  "env": "Dev",
                  "project": "cerberus",
                  "region": "virginia"
                },
                "throughput": 125,
                "volume_id": "vol-061d66d14c949ec28",
                "volume_size": 8,
                "volume_type": "gp3"
              }
            ],
            "secondary_private_ips": [],
            "security_groups": [],
            "source_dest_check": true,
            "spot_instance_request_id": "",
            "subnet_id": "subnet-088fc44fd535e1bf6",
            "tags": {
              "Name": "jumpserver"
            },
            "tags_all": {
              "Name": "jumpserver",
              "env": "Dev",
              "project": "cerberus",
              "region": "virginia"
            },
            "tenancy": "default",
            "timeouts": null,
            "user_data": null,
            "user_data_base64": null,
            "user_data_replace_on_change": false,
            "volume_tags": null,
            "vpc_security_group_ids": [
              "sg-01a310e8fb20c513b"
            ]
          },
          "sensitive_attributes": [],
          "private": "eyJlMmJmYjczMC1lY2FhLTExZTYtOGY4OC0zNDM2M2JjN2M0YzAiOnsiY3JlYXRlIjo2MDAwMDAwMDAwMDAsImRlbGV0ZSI6MTIwMDAwMDAwMDAwMCwicmVhZCI6OTAwMDAwMDAwMDAwLCJ1cGRhdGUiOjYwMDAwMDAwMDAwMH0sInNjaGVtYV92ZXJzaW9uIjoiMSJ9",
          "dependencies": [
            "aws_security_group.sg_public_instance",
            "aws_subnet.public_subnet",
            "aws_vpc.vpc_virginia",
            "data.aws_key_pair.key"
          ]
        },
        {
          "index_key": "mysql",
          "schema_version": 1,
          "attributes": {
            "ami": "ami-0c101f26f147fa7fd",
            "arn": "arn:aws:ec2:us-east-1:339712813986:instance/i-07e5ed1c31d642344",
            "associate_public_ip_address": true,
            "availability_zone": "us-east-1d",
            "capacity_reservation_specification": [
              {
                "capacity_reservation_preference": "open",
                "capacity_reservation_target": []
              }
            ],
            "cpu_core_count": 1,
            "cpu_options": [
              {
                "amd_sev_snp": "",
                "core_count": 1,
                "threads_per_core": 1
              }
            ],
            "cpu_threads_per_core": 1,
            "credit_specification": [
              {
                "cpu_credits": "standard"
              }
            ],
            "disable_api_stop": false,
            "disable_api_termination": false,
            "ebs_block_device": [],
            "ebs_optimized": false,
            "enclave_options": [
              {
                "enabled": false
              }
            ],
            "ephemeral_block_device": [],
            "get_password_data": false,
            "hibernation": false,
            "host_id": "",
            "host_resource_group_arn": null,
            "iam_instance_profile": "",
            "id": "i-07e5ed1c31d642344",
            "instance_initiated_shutdown_behavior": "stop",
            "instance_lifecycle": "",
            "instance_market_options": [],
            "instance_state": "running",
            "instance_type": "t2.micro",
            "ipv6_address_count": 0,
            "ipv6_addresses": [],
            "key_name": "mykey",
            "launch_template": [],
            "maintenance_options": [
              {
                "auto_recovery": "default"
              }
            ],
            "metadata_options": [
              {
                "http_endpoint": "enabled",
                "http_protocol_ipv6": "disabled",
                "http_put_response_hop_limit": 2,
                "http_tokens": "required",
                "instance_metadata_tags": "disabled"
              }
            ],
            "monitoring": false,
            "network_interface": [],
            "outpost_arn": "",
            "password_data": "",
            "placement_group": "",
            "placement_partition_number": 0,
            "primary_network_interface_id": "eni-0b7b8dbdb009154b2",
            "private_dns": "ip-10-10-0-213.ec2.internal",
            "private_dns_name_options": [
              {
                "enable_resource_name_dns_a_record": false,
                "enable_resource_name_dns_aaaa_record": false,
                "hostname_type": "ip-name"
              }
            ],
            "private_ip": "10.10.0.213",
            "public_dns": "",
            "public_ip": "3.85.244.115",
            "root_block_device": [
              {
                "delete_on_termination": true,
                "device_name": "/dev/xvda",
                "encrypted": false,
                "iops": 3000,
                "kms_key_id": "",
                "tags": {},
                "tags_all": {
                  "env": "Dev",
                  "project": "cerberus",
                  "region": "virginia"
                },
                "throughput": 125,
                "volume_id": "vol-0a0015167dd610f56",
                "volume_size": 8,
                "volume_type": "gp3"
              }
            ],
            "secondary_private_ips": [],
            "security_groups": [],
            "source_dest_check": true,
            "spot_instance_request_id": "",
            "subnet_id": "subnet-088fc44fd535e1bf6",
            "tags": {
              "Name": "mysql"
            },
            "tags_all": {
              "Name": "mysql",
              "env": "Dev",
              "project": "cerberus",
              "region": "virginia"
            },
            "tenancy": "default",
            "timeouts": null,
            "user_data": null,
            "user_data_base64": null,
            "user_data_replace_on_change": false,
            "volume_tags": null,
            "vpc_security_group_ids": [
              "sg-01a310e8fb20c513b"
            ]
          },
          "sensitive_attributes": [],
          "private": "eyJlMmJmYjczMC1lY2FhLTExZTYtOGY4OC0zNDM2M2JjN2M0YzAiOnsiY3JlYXRlIjo2MDAwMDAwMDAwMDAsImRlbGV0ZSI6MTIwMDAwMDAwMDAwMCwicmVhZCI6OTAwMDAwMDAwMDAwLCJ1cGRhdGUiOjYwMDAwMDAwMDAwMH0sInNjaGVtYV92ZXJzaW9uIjoiMSJ9",
          "dependencies": [
            "aws_security_group.sg_public_instance",
            "aws_subnet.public_subnet",
            "aws_vpc.vpc_virginia",
            "data.aws_key_pair.key"
          ]
        }
      ]
    },
    {
      "mode": "managed",
      "type": "aws_internet_gateway",
      "name": "igw",
      "provider": "provider[\"registry.terraform.io/hashicorp/aws\"]",
      "instances": [
        {
          "schema_version": 0,
          "attributes": {
            "arn": "arn:aws:ec2:us-east-1:339712813986:internet-gateway/igw-0081405948f52c7e1",
            "id": "igw-0081405948f52c7e1",
            "owner_id": "339712813986",
            "tags": {
              "Name": "igw vpc virginia"
            },
            "tags_all": {
              "Name": "igw vpc virginia",
              "env": "Dev",
              "project": "cerberus",
              "region": "virginia"
            },
            "timeouts": null,
            "vpc_id": "vpc-036d94f826655a118"
          },
          "sensitive_attributes": [],
          "private": "eyJlMmJmYjczMC1lY2FhLTExZTYtOGY4OC0zNDM2M2JjN2M0YzAiOnsiY3JlYXRlIjoxMjAwMDAwMDAwMDAwLCJkZWxldGUiOjEyMDAwMDAwMDAwMDAsInVwZGF0ZSI6MTIwMDAwMDAwMDAwMH19",
          "dependencies": [
            "aws_vpc.vpc_virginia"
          ]
        }
      ]
    },
    {
      "mode": "managed",
      "type": "aws_route_table",
      "name": "public_crt",
      "provider": "provider[\"registry.terraform.io/hashicorp/aws\"]",
      "instances": [
        {
          "schema_version": 0,
          "attributes": {
            "arn": "arn:aws:ec2:us-east-1:339712813986:route-table/rtb-064b43b87e8662436",
            "id": "rtb-064b43b87e8662436",
            "owner_id": "339712813986",
            "propagating_vgws": [],
            "route": [
              {
                "carrier_gateway_id": "",
                "cidr_block": "0.0.0.0/0",
                "core_network_arn": "",
                "destination_prefix_list_id": "",
                "egress_only_gateway_id": "",
                "gateway_id": "igw-0081405948f52c7e1",
                "ipv6_cidr_block": "",
                "local_gateway_id": "",
                "nat_gateway_id": "",
                "network_interface_id": "",
                "transit_gateway_id": "",
                "vpc_endpoint_id": "",
                "vpc_peering_connection_id": ""
              }
            ],
            "tags": {
              "Name": "Public CRT"
            },
            "tags_all": {
              "Name": "Public CRT",
              "env": "Dev",
              "project": "cerberus",
              "region": "virginia"
            },
            "timeouts": null,
            "vpc_id": "vpc-036d94f826655a118"
          },
          "sensitive_attributes": [],
          "private": "eyJlMmJmYjczMC1lY2FhLTExZTYtOGY4OC0zNDM2M2JjN2M0YzAiOnsiY3JlYXRlIjozMDAwMDAwMDAwMDAsImRlbGV0ZSI6MzAwMDAwMDAwMDAwLCJ1cGRhdGUiOjEyMDAwMDAwMDAwMH19",
          "dependencies": [
            "aws_internet_gateway.igw",
            "aws_vpc.vpc_virginia"
          ]
        }
      ]
    },
    {
      "mode": "managed",
      "type": "aws_route_table_association",
      "name": "crta_public_subnet",
      "provider": "provider[\"registry.terraform.io/hashicorp/aws\"]",
      "instances": [
        {
          "schema_version": 0,
          "attributes": {
            "gateway_id": "",
            "id": "rtbassoc-06b879498ce00c032",
            "route_table_id": "rtb-064b43b87e8662436",
            "subnet_id": "subnet-088fc44fd535e1bf6",
            "timeouts": null
          },
          "sensitive_attributes": [],
          "private": "eyJlMmJmYjczMC1lY2FhLTExZTYtOGY4OC0zNDM2M2JjN2M0YzAiOnsiY3JlYXRlIjozMDAwMDAwMDAwMDAsImRlbGV0ZSI6MzAwMDAwMDAwMDAwLCJ1cGRhdGUiOjEyMDAwMDAwMDAwMH19",
          "dependencies": [
            "aws_internet_gateway.igw",
            "aws_route_table.public_crt",
            "aws_subnet.public_subnet",
            "aws_vpc.vpc_virginia"
          ]
        }
      ]
    },
    {
      "mode": "managed",
      "type": "aws_security_group",
      "name": "sg_public_instance",
      "provider": "provider[\"registry.terraform.io/hashicorp/aws\"]",
      "instances": [
        {
          "schema_version": 1,
          "attributes": {
            "arn": "arn:aws:ec2:us-east-1:339712813986:security-group/sg-01a310e8fb20c513b",
            "description": "Allow SSH inbound traffic and all egress traffic",
            "egress": [
              {
                "cidr_blocks": [
                  "0.0.0.0/0"
                ],
                "description": "",
                "from_port": 0,
                "ipv6_cidr_blocks": [],
                "prefix_list_ids": [],
                "protocol": "-1",
                "security_groups": [],
                "self": false,
                "to_port": 0
              }
            ],
            "id": "sg-01a310e8fb20c513b",
            "ingress": [
              {
                "cidr_blocks": [
                  "0.0.0.0/0"
                ],
                "description": "Allow SSH over Internet",
                "from_port": 22,
                "ipv6_cidr_blocks": [],
                "prefix_list_ids": [],
                "protocol": "tcp",
                "security_groups": [],
                "self": false,
                "to_port": 22
              }
            ],
            "name": "Public Instance Security Group",
            "name_prefix": "",
            "owner_id": "339712813986",
            "revoke_rules_on_delete": false,
            "tags": {
              "Name": "Public Instance Security Group"
            },
            "tags_all": {
              "Name": "Public Instance Security Group",
              "env": "Dev",
              "project": "cerberus",
              "region": "virginia"
            },
            "timeouts": null,
            "vpc_id": "vpc-036d94f826655a118"
          },
          "sensitive_attributes": [],
          "private": "eyJlMmJmYjczMC1lY2FhLTExZTYtOGY4OC0zNDM2M2JjN2M0YzAiOnsiY3JlYXRlIjo2MDAwMDAwMDAwMDAsImRlbGV0ZSI6OTAwMDAwMDAwMDAwfSwic2NoZW1hX3ZlcnNpb24iOiIxIn0=",
          "dependencies": [
            "aws_vpc.vpc_virginia"
          ]
        }
      ]
    },
    {
      "mode": "managed",
      "type": "aws_subnet",
      "name": "private_subnet",
      "provider": "provider[\"registry.terraform.io/hashicorp/aws\"]",
      "instances": [
        {
          "schema_version": 1,
          "attributes": {
            "arn": "arn:aws:ec2:us-east-1:339712813986:subnet/subnet-0451cf2538394a1bd",
            "assign_ipv6_address_on_creation": false,
            "availability_zone": "us-east-1d",
            "availability_zone_id": "use1-az4",
            "cidr_block": "10.10.1.0/24",
            "customer_owned_ipv4_pool": "",
            "enable_dns64": false,
            "enable_lni_at_device_index": 0,
            "enable_resource_name_dns_a_record_on_launch": false,
            "enable_resource_name_dns_aaaa_record_on_launch": false,
            "id": "subnet-0451cf2538394a1bd",
            "ipv6_cidr_block": "",
            "ipv6_cidr_block_association_id": "",
            "ipv6_native": false,
            "map_customer_owned_ip_on_launch": false,
            "map_public_ip_on_launch": false,
            "outpost_arn": "",
            "owner_id": "339712813986",
            "private_dns_hostname_type_on_launch": "ip-name",
            "tags": {
              "Name": "Private Subnet"
            },
            "tags_all": {
              "Name": "Private Subnet",
              "env": "Dev",
              "project": "cerberus",
              "region": "virginia"
            },
            "timeouts": null,
            "vpc_id": "vpc-036d94f826655a118"
          },
          "sensitive_attributes": [],
          "private": "eyJlMmJmYjczMC1lY2FhLTExZTYtOGY4OC0zNDM2M2JjN2M0YzAiOnsiY3JlYXRlIjo2MDAwMDAwMDAwMDAsImRlbGV0ZSI6MTIwMDAwMDAwMDAwMH0sInNjaGVtYV92ZXJzaW9uIjoiMSJ9",
          "dependencies": [
            "aws_subnet.public_subnet",
            "aws_vpc.vpc_virginia"
          ]
        }
      ]
    },
    {
      "mode": "managed",
      "type": "aws_subnet",
      "name": "public_subnet",
      "provider": "provider[\"registry.terraform.io/hashicorp/aws\"]",
      "instances": [
        {
          "schema_version": 1,
          "attributes": {
            "arn": "arn:aws:ec2:us-east-1:339712813986:subnet/subnet-088fc44fd535e1bf6",
            "assign_ipv6_address_on_creation": false,
            "availability_zone": "us-east-1d",
            "availability_zone_id": "use1-az4",
            "cidr_block": "10.10.0.0/24",
            "customer_owned_ipv4_pool": "",
            "enable_dns64": false,
            "enable_lni_at_device_index": 0,
            "enable_resource_name_dns_a_record_on_launch": false,
            "enable_resource_name_dns_aaaa_record_on_launch": false,
            "id": "subnet-088fc44fd535e1bf6",
            "ipv6_cidr_block": "",
            "ipv6_cidr_block_association_id": "",
            "ipv6_native": false,
            "map_customer_owned_ip_on_launch": false,
            "map_public_ip_on_launch": true,
            "outpost_arn": "",
            "owner_id": "339712813986",
            "private_dns_hostname_type_on_launch": "ip-name",
            "tags": {
              "Name": "Public subnet"
            },
            "tags_all": {
              "Name": "Public subnet",
              "env": "Dev",
              "project": "cerberus",
              "region": "virginia"
            },
            "timeouts": null,
            "vpc_id": "vpc-036d94f826655a118"
          },
          "sensitive_attributes": [],
          "private": "eyJlMmJmYjczMC1lY2FhLTExZTYtOGY4OC0zNDM2M2JjN2M0YzAiOnsiY3JlYXRlIjo2MDAwMDAwMDAwMDAsImRlbGV0ZSI6MTIwMDAwMDAwMDAwMH0sInNjaGVtYV92ZXJzaW9uIjoiMSJ9",
          "dependencies": [
            "aws_vpc.vpc_virginia"
          ]
        }
      ]
    },
    {
      "mode": "managed",
      "type": "aws_vpc",
      "name": "vpc_virginia",
      "provider": "provider[\"registry.terraform.io/hashicorp/aws\"]",
      "instances": [
        {
          "schema_version": 1,
          "attributes": {
            "arn": "arn:aws:ec2:us-east-1:339712813986:vpc/vpc-036d94f826655a118",
            "assign_generated_ipv6_cidr_block": false,
            "cidr_block": "10.10.0.0/16",
            "default_network_acl_id": "acl-0d4b8546c6d560a2e",
            "default_route_table_id": "rtb-0135f62aa8fed74b6",
            "default_security_group_id": "sg-0d416dc10773eba1d",
            "dhcp_options_id": "dopt-0e5ac5372108169c2",
            "enable_dns_hostnames": false,
            "enable_dns_support": true,
            "enable_network_address_usage_metrics": false,
            "id": "vpc-036d94f826655a118",
            "instance_tenancy": "default",
            "ipv4_ipam_pool_id": null,
            "ipv4_netmask_length": null,
            "ipv6_association_id": "",
            "ipv6_cidr_block": "",
            "ipv6_cidr_block_network_border_group": "",
            "ipv6_ipam_pool_id": "",
            "ipv6_netmask_length": 0,
            "main_route_table_id": "rtb-0135f62aa8fed74b6",
            "owner_id": "339712813986",
            "tags": {
              "Name": "VPC Virgina--cerberus-pro"
            },
            "tags_all": {
              "Name": "VPC Virgina--cerberus-pro",
              "env": "Dev",
              "project": "cerberus",
              "region": "virginia"
            }
          },
          "sensitive_attributes": [],
          "private": "eyJzY2hlbWFfdmVyc2lvbiI6IjEifQ=="
        }
      ]
    },
    {
      "mode": "managed",
      "type": "random_string",
      "name": "sufijo-s3",
      "provider": "provider[\"registry.terraform.io/hashicorp/random\"]",
      "instances": [
        {
          "schema_version": 2,
          "attributes": {
            "id": "ot79vifn",
            "keepers": null,
            "length": 8,
            "lower": true,
            "min_lower": 0,
            "min_numeric": 0,
            "min_special": 0,
            "min_upper": 0,
            "number": true,
            "numeric": true,
            "override_special": null,
            "result": "ot79vifn",
            "special": false,
            "upper": false
          },
          "sensitive_attributes": []
        }
      ]
    },
    {
      "module": "module.terraform_state_backend",
      "mode": "data",
      "type": "aws_iam_policy_document",
      "name": "aggregated_policy",
      "provider": "provider[\"registry.terraform.io/hashicorp/aws\"]",
      "instances": [
        {
          "index_key": 0,
          "schema_version": 0,
          "attributes": {
            "id": "1095500968",
            "json": "{\n  \"Version\": \"2012-10-17\",\n  \"Statement\": [\n    {\n      \"Sid\": \"DenyIncorrectEncryptionHeader\",\n      \"Effect\": \"Deny\",\n      \"Action\": \"s3:PutObject\",\n      \"Resource\": \"arn:aws:s3:::example-us-east-1-prod-frutos-terraform-state/*\",\n      \"Principal\": {\n        \"AWS\": \"*\"\n      },\n      \"Condition\": {\n        \"StringNotEquals\": {\n          \"s3:x-amz-server-side-encryption\": [\n            \"AES256\",\n            \"aws:kms\"\n          ]\n        }\n      }\n    },\n    {\n      \"Sid\": \"DenyUnEncryptedObjectUploads\",\n      \"Effect\": \"Deny\",\n      \"Action\": \"s3:PutObject\",\n      \"Resource\": \"arn:aws:s3:::example-us-east-1-prod-frutos-terraform-state/*\",\n      \"Principal\": {\n        \"AWS\": \"*\"\n      },\n      \"Condition\": {\n        \"Null\": {\n          \"s3:x-amz-server-side-encryption\": \"true\"\n        }\n      }\n    },\n    {\n      \"Sid\": \"EnforceTlsRequestsOnly\",\n      \"Effect\": \"Deny\",\n      \"Action\": \"s3:*\",\n      \"Resource\": [\n        \"arn:aws:s3:::example-us-east-1-prod-frutos-terraform-state/*\",\n        \"arn:aws:s3:::example-us-east-1-prod-frutos-terraform-state\"\n      ],\n      \"Principal\": {\n        \"AWS\": \"*\"\n      },\n      \"Condition\": {\n        \"Bool\": {\n          \"aws:SecureTransport\": \"false\"\n        }\n      }\n    }\n  ]\n}",
            "override_json": null,
            "override_policy_documents": null,
            "policy_id": null,
            "source_json": null,
            "source_policy_documents": [
              "{\n  \"Version\": \"2012-10-17\",\n  \"Statement\": [\n    {\n      \"Sid\": \"DenyIncorrectEncryptionHeader\",\n      \"Effect\": \"Deny\",\n      \"Action\": \"s3:PutObject\",\n      \"Resource\": \"arn:aws:s3:::example-us-east-1-prod-frutos-terraform-state/*\",\n      \"Principal\": {\n        \"AWS\": \"*\"\n      },\n      \"Condition\": {\n        \"StringNotEquals\": {\n          \"s3:x-amz-server-side-encryption\": [\n            \"AES256\",\n            \"aws:kms\"\n          ]\n        }\n      }\n    },\n    {\n      \"Sid\": \"DenyUnEncryptedObjectUploads\",\n      \"Effect\": \"Deny\",\n      \"Action\": \"s3:PutObject\",\n      \"Resource\": \"arn:aws:s3:::example-us-east-1-prod-frutos-terraform-state/*\",\n      \"Principal\": {\n        \"AWS\": \"*\"\n      },\n      \"Condition\": {\n        \"Null\": {\n          \"s3:x-amz-server-side-encryption\": \"true\"\n        }\n      }\n    },\n    {\n      \"Sid\": \"EnforceTlsRequestsOnly\",\n      \"Effect\": \"Deny\",\n      \"Action\": \"s3:*\",\n      \"Resource\": [\n        \"arn:aws:s3:::example-us-east-1-prod-frutos-terraform-state/*\",\n        \"arn:aws:s3:::example-us-east-1-prod-frutos-terraform-state\"\n      ],\n      \"Principal\": {\n        \"AWS\": \"*\"\n      },\n      \"Condition\": {\n        \"Bool\": {\n          \"aws:SecureTransport\": \"false\"\n        }\n      }\n    }\n  ]\n}"
            ],
            "statement": null,
            "version": "2012-10-17"
          },
          "sensitive_attributes": []
        }
      ]
    },
    {
      "module": "module.terraform_state_backend",
      "mode": "data",
      "type": "aws_iam_policy_document",
      "name": "bucket_policy",
      "provider": "provider[\"registry.terraform.io/hashicorp/aws\"]",
      "instances": [
        {
          "index_key": 0,
          "schema_version": 0,
          "attributes": {
            "id": "1095500968",
            "json": "{\n  \"Version\": \"2012-10-17\",\n  \"Statement\": [\n    {\n      \"Sid\": \"DenyIncorrectEncryptionHeader\",\n      \"Effect\": \"Deny\",\n      \"Action\": \"s3:PutObject\",\n      \"Resource\": \"arn:aws:s3:::example-us-east-1-prod-frutos-terraform-state/*\",\n      \"Principal\": {\n        \"AWS\": \"*\"\n      },\n      \"Condition\": {\n        \"StringNotEquals\": {\n          \"s3:x-amz-server-side-encryption\": [\n            \"AES256\",\n            \"aws:kms\"\n          ]\n        }\n      }\n    },\n    {\n      \"Sid\": \"DenyUnEncryptedObjectUploads\",\n      \"Effect\": \"Deny\",\n      \"Action\": \"s3:PutObject\",\n      \"Resource\": \"arn:aws:s3:::example-us-east-1-prod-frutos-terraform-state/*\",\n      \"Principal\": {\n        \"AWS\": \"*\"\n      },\n      \"Condition\": {\n        \"Null\": {\n          \"s3:x-amz-server-side-encryption\": \"true\"\n        }\n      }\n    },\n    {\n      \"Sid\": \"EnforceTlsRequestsOnly\",\n      \"Effect\": \"Deny\",\n      \"Action\": \"s3:*\",\n      \"Resource\": [\n        \"arn:aws:s3:::example-us-east-1-prod-frutos-terraform-state/*\",\n        \"arn:aws:s3:::example-us-east-1-prod-frutos-terraform-state\"\n      ],\n      \"Principal\": {\n        \"AWS\": \"*\"\n      },\n      \"Condition\": {\n        \"Bool\": {\n          \"aws:SecureTransport\": \"false\"\n        }\n      }\n    }\n  ]\n}",
            "override_json": null,
            "override_policy_documents": null,
            "policy_id": null,
            "source_json": null,
            "source_policy_documents": null,
            "statement": [
              {
                "actions": [
                  "s3:PutObject"
                ],
                "condition": [
                  {
                    "test": "StringNotEquals",
                    "values": [
                      "AES256",
                      "aws:kms"
                    ],
                    "variable": "s3:x-amz-server-side-encryption"
                  }
                ],
                "effect": "Deny",
                "not_actions": [],
                "not_principals": [],
                "not_resources": [],
                "principals": [
                  {
                    "identifiers": [
                      "*"
                    ],
                    "type": "AWS"
                  }
                ],
                "resources": [
                  "arn:aws:s3:::example-us-east-1-prod-frutos-terraform-state/*"
                ],
                "sid": "DenyIncorrectEncryptionHeader"
              },
              {
                "actions": [
                  "s3:PutObject"
                ],
                "condition": [
                  {
                    "test": "Null",
                    "values": [
                      "true"
                    ],
                    "variable": "s3:x-amz-server-side-encryption"
                  }
                ],
                "effect": "Deny",
                "not_actions": [],
                "not_principals": [],
                "not_resources": [],
                "principals": [
                  {
                    "identifiers": [
                      "*"
                    ],
                    "type": "AWS"
                  }
                ],
                "resources": [
                  "arn:aws:s3:::example-us-east-1-prod-frutos-terraform-state/*"
                ],
                "sid": "DenyUnEncryptedObjectUploads"
              },
              {
                "actions": [
                  "s3:*"
                ],
                "condition": [
                  {
                    "test": "Bool",
                    "values": [
                      "false"
                    ],
                    "variable": "aws:SecureTransport"
                  }
                ],
                "effect": "Deny",
                "not_actions": [],
                "not_principals": [],
                "not_resources": [],
                "principals": [
                  {
                    "identifiers": [
                      "*"
                    ],
                    "type": "AWS"
                  }
                ],
                "resources": [
                  "arn:aws:s3:::example-us-east-1-prod-frutos-terraform-state",
                  "arn:aws:s3:::example-us-east-1-prod-frutos-terraform-state/*"
                ],
                "sid": "EnforceTlsRequestsOnly"
              }
            ],
            "version": "2012-10-17"
          },
          "sensitive_attributes": []
        }
      ]
    },
    {
      "module": "module.terraform_state_backend",
      "mode": "data",
      "type": "aws_region",
      "name": "current",
      "provider": "provider[\"registry.terraform.io/hashicorp/aws\"]",
      "instances": [
        {
          "schema_version": 0,
          "attributes": {
            "description": "US East (N. Virginia)",
            "endpoint": "ec2.us-east-1.amazonaws.com",
            "id": "us-east-1",
            "name": "us-east-1"
          },
          "sensitive_attributes": []
        }
      ]
    },
    {
      "module": "module.terraform_state_backend",
      "mode": "managed",
      "type": "aws_dynamodb_table",
      "name": "with_server_side_encryption",
      "provider": "provider[\"registry.terraform.io/hashicorp/aws\"]",
      "instances": [
        {
          "index_key": 0,
          "schema_version": 1,
          "attributes": {
            "arn": "arn:aws:dynamodb:us-east-1:339712813986:table/example-us-east-1-prod-frutos-terraform-state-lock",
            "attribute": [
              {
                "name": "LockID",
                "type": "S"
              }
            ],
            "billing_mode": "PAY_PER_REQUEST",
            "deletion_protection_enabled": false,
            "global_secondary_index": [],
            "hash_key": "LockID",
            "id": "example-us-east-1-prod-frutos-terraform-state-lock",
            "import_table": [],
            "local_secondary_index": [],
            "name": "example-us-east-1-prod-frutos-terraform-state-lock",
            "point_in_time_recovery": [
              {
                "enabled": true
              }
            ],
            "range_key": null,
            "read_capacity": 0,
            "replica": [],
            "restore_date_time": null,
            "restore_source_name": null,
            "restore_to_latest_time": null,
            "server_side_encryption": [
              {
                "enabled": true,
                "kms_key_arn": ""
              }
            ],
            "stream_arn": "",
            "stream_enabled": false,
            "stream_label": "",
            "stream_view_type": "",
            "table_class": "STANDARD",
            "tags": {
              "Attributes": "state-lock",
              "Environment": "us-east-1",
              "Name": "example-us-east-1-prod-frutos-terraform-state-lock",
              "Namespace": "example",
              "Stage": "prod-frutos"
            },
            "tags_all": {
              "Attributes": "state-lock",
              "Environment": "us-east-1",
              "Name": "example-us-east-1-prod-frutos-terraform-state-lock",
              "Namespace": "example",
              "Stage": "prod-frutos",
              "env": "Dev",
              "project": "cerberus",
              "region": "virginia"
            },
            "timeouts": null,
            "ttl": [
              {
                "attribute_name": "",
                "enabled": false
              }
            ],
            "write_capacity": 0
          },
          "sensitive_attributes": [],
          "private": "eyJlMmJmYjczMC1lY2FhLTExZTYtOGY4OC0zNDM2M2JjN2M0YzAiOnsiY3JlYXRlIjoxODAwMDAwMDAwMDAwLCJkZWxldGUiOjYwMDAwMDAwMDAwMCwidXBkYXRlIjozNjAwMDAwMDAwMDAwfSwic2NoZW1hX3ZlcnNpb24iOiIxIn0="
        }
      ]
    },
    {
      "module": "module.terraform_state_backend",
      "mode": "managed",
      "type": "aws_s3_bucket",
      "name": "default",
      "provider": "provider[\"registry.terraform.io/hashicorp/aws\"]",
      "instances": [
        {
          "index_key": 0,
          "schema_version": 0,
          "attributes": {
            "acceleration_status": "",
            "acl": null,
            "arn": "arn:aws:s3:::example-us-east-1-prod-frutos-terraform-state",
            "bucket": "example-us-east-1-prod-frutos-terraform-state",
            "bucket_domain_name": "example-us-east-1-prod-frutos-terraform-state.s3.amazonaws.com",
            "bucket_prefix": "",
            "bucket_regional_domain_name": "example-us-east-1-prod-frutos-terraform-state.s3.us-east-1.amazonaws.com",
            "cors_rule": [],
            "force_destroy": false,
            "grant": [
              {
                "id": "39ba0d2c57f24b375b51e8977963000ba991b50b064c50ae8c12bf90bda8503a",
                "permissions": [
                  "FULL_CONTROL"
                ],
                "type": "CanonicalUser",
                "uri": ""
              }
            ],
            "hosted_zone_id": "Z3AQBSTGFYJSTF",
            "id": "example-us-east-1-prod-frutos-terraform-state",
            "lifecycle_rule": [],
            "logging": [],
            "object_lock_configuration": [],
            "object_lock_enabled": false,
            "policy": "",
            "region": "us-east-1",
            "replication_configuration": [],
            "request_payer": "BucketOwner",
            "server_side_encryption_configuration": [
              {
                "rule": [
                  {
                    "apply_server_side_encryption_by_default": [
                      {
                        "kms_master_key_id": "",
                        "sse_algorithm": "AES256"
                      }
                    ],
                    "bucket_key_enabled": false
                  }
                ]
              }
            ],
            "tags": {
              "Attributes": "state",
              "Environment": "us-east-1",
              "Name": "example-us-east-1-prod-frutos-terraform-state",
              "Namespace": "example",
              "Stage": "prod-frutos"
            },
            "tags_all": {
              "Attributes": "state",
              "Environment": "us-east-1",
              "Name": "example-us-east-1-prod-frutos-terraform-state",
              "Namespace": "example",
              "Stage": "prod-frutos",
              "env": "Dev",
              "project": "cerberus",
              "region": "virginia"
            },
            "timeouts": null,
            "versioning": [
              {
                "enabled": false,
                "mfa_delete": false
              }
            ],
            "website": [],
            "website_domain": null,
            "website_endpoint": null
          },
          "sensitive_attributes": [],
          "private": "eyJlMmJmYjczMC1lY2FhLTExZTYtOGY4OC0zNDM2M2JjN2M0YzAiOnsiY3JlYXRlIjoxMjAwMDAwMDAwMDAwLCJkZWxldGUiOjM2MDAwMDAwMDAwMDAsInJlYWQiOjEyMDAwMDAwMDAwMDAsInVwZGF0ZSI6MTIwMDAwMDAwMDAwMH19"
        }
      ]
    },
    {
      "module": "module.terraform_state_backend",
      "mode": "managed",
      "type": "aws_s3_bucket_ownership_controls",
      "name": "default",
      "provider": "provider[\"registry.terraform.io/hashicorp/aws\"]",
      "instances": [
        {
          "index_key": 0,
          "schema_version": 0,
          "attributes": {
            "bucket": "example-us-east-1-prod-frutos-terraform-state",
            "id": "example-us-east-1-prod-frutos-terraform-state",
            "rule": [
              {
                "object_ownership": "BucketOwnerEnforced"
              }
            ]
          },
          "sensitive_attributes": [],
          "private": "bnVsbA==",
          "dependencies": [
            "module.terraform_state_backend.aws_s3_bucket.default",
            "module.terraform_state_backend.aws_s3_bucket_policy.default",
            "module.terraform_state_backend.aws_s3_bucket_public_access_block.default",
            "module.terraform_state_backend.data.aws_iam_policy_document.aggregated_policy",
            "module.terraform_state_backend.data.aws_iam_policy_document.bucket_policy",
            "module.terraform_state_backend.time_sleep.wait_for_aws_s3_bucket_settings"
          ]
        }
      ]
    },
    {
      "module": "module.terraform_state_backend",
      "mode": "managed",
      "type": "aws_s3_bucket_policy",
      "name": "default",
      "provider": "provider[\"registry.terraform.io/hashicorp/aws\"]",
      "instances": [
        {
          "index_key": 0,
          "schema_version": 0,
          "attributes": {
            "bucket": "example-us-east-1-prod-frutos-terraform-state",
            "id": "example-us-east-1-prod-frutos-terraform-state",
            "policy": "{\"Statement\":[{\"Action\":\"s3:PutObject\",\"Condition\":{\"StringNotEquals\":{\"s3:x-amz-server-side-encryption\":[\"AES256\",\"aws:kms\"]}},\"Effect\":\"Deny\",\"Principal\":{\"AWS\":\"*\"},\"Resource\":\"arn:aws:s3:::example-us-east-1-prod-frutos-terraform-state/*\",\"Sid\":\"DenyIncorrectEncryptionHeader\"},{\"Action\":\"s3:PutObject\",\"Condition\":{\"Null\":{\"s3:x-amz-server-side-encryption\":\"true\"}},\"Effect\":\"Deny\",\"Principal\":{\"AWS\":\"*\"},\"Resource\":\"arn:aws:s3:::example-us-east-1-prod-frutos-terraform-state/*\",\"Sid\":\"DenyUnEncryptedObjectUploads\"},{\"Action\":\"s3:*\",\"Condition\":{\"Bool\":{\"aws:SecureTransport\":\"false\"}},\"Effect\":\"Deny\",\"Principal\":{\"AWS\":\"*\"},\"Resource\":[\"arn:aws:s3:::example-us-east-1-prod-frutos-terraform-state/*\",\"arn:aws:s3:::example-us-east-1-prod-frutos-terraform-state\"],\"Sid\":\"EnforceTlsRequestsOnly\"}],\"Version\":\"2012-10-17\"}"
          },
          "sensitive_attributes": [],
          "private": "bnVsbA==",
          "dependencies": [
            "module.terraform_state_backend.aws_s3_bucket.default",
            "module.terraform_state_backend.aws_s3_bucket_public_access_block.default",
            "module.terraform_state_backend.data.aws_iam_policy_document.aggregated_policy",
            "module.terraform_state_backend.data.aws_iam_policy_document.bucket_policy"
          ]
        }
      ]
    },
    {
      "module": "module.terraform_state_backend",
      "mode": "managed",
      "type": "aws_s3_bucket_public_access_block",
      "name": "default",
      "provider": "provider[\"registry.terraform.io/hashicorp/aws\"]",
      "instances": [
        {
          "index_key": 0,
          "schema_version": 0,
          "attributes": {
            "block_public_acls": true,
            "block_public_policy": true,
            "bucket": "example-us-east-1-prod-frutos-terraform-state",
            "id": "example-us-east-1-prod-frutos-terraform-state",
            "ignore_public_acls": true,
            "restrict_public_buckets": true
          },
          "sensitive_attributes": [],
          "private": "bnVsbA==",
          "dependencies": [
            "module.terraform_state_backend.aws_s3_bucket.default"
          ]
        }
      ]
    },
    {
      "module": "module.terraform_state_backend",
      "mode": "managed",
      "type": "aws_s3_bucket_server_side_encryption_configuration",
      "name": "default",
      "provider": "provider[\"registry.terraform.io/hashicorp/aws\"]",
      "instances": [
        {
          "index_key": 0,
          "schema_version": 0,
          "attributes": {
            "bucket": "example-us-east-1-prod-frutos-terraform-state",
            "expected_bucket_owner": "",
            "id": "example-us-east-1-prod-frutos-terraform-state",
            "rule": [
              {
                "apply_server_side_encryption_by_default": [
                  {
                    "kms_master_key_id": "",
                    "sse_algorithm": "AES256"
                  }
                ],
                "bucket_key_enabled": null
              }
            ]
          },
          "sensitive_attributes": [],
          "private": "bnVsbA==",
          "dependencies": [
            "module.terraform_state_backend.aws_s3_bucket.default"
          ]
        }
      ]
    },
    {
      "module": "module.terraform_state_backend",
      "mode": "managed",
      "type": "aws_s3_bucket_versioning",
      "name": "default",
      "provider": "provider[\"registry.terraform.io/hashicorp/aws\"]",
      "instances": [
        {
          "index_key": 0,
          "schema_version": 0,
          "attributes": {
            "bucket": "example-us-east-1-prod-frutos-terraform-state",
            "expected_bucket_owner": "",
            "id": "example-us-east-1-prod-frutos-terraform-state",
            "mfa": null,
            "versioning_configuration": [
              {
                "mfa_delete": "Disabled",
                "status": "Enabled"
              }
            ]
          },
          "sensitive_attributes": [],
          "private": "bnVsbA==",
          "dependencies": [
            "module.terraform_state_backend.aws_s3_bucket.default"
          ]
        }
      ]
    },
    {
      "module": "module.terraform_state_backend",
      "mode": "managed",
      "type": "local_file",
      "name": "terraform_backend_config",
      "provider": "provider[\"registry.terraform.io/hashicorp/local\"]",
      "instances": [
        {
          "index_key": 0,
          "schema_version": 0,
          "attributes": {
            "content": "terraform {\r\n  required_version = \"\u003e= 1.0.0\"\r\n\r\n  backend \"s3\" {\r\n    region  = \"us-east-1\"\r\n    bucket  = \"example-us-east-1-prod-frutos-terraform-state\"\r\n    key     = \"terraform.tfstate\"\r\n    profile = \"\"\r\n    encrypt = \"true\"\r\n\r\n    dynamodb_table = \"example-us-east-1-prod-frutos-terraform-state-lock\"\r\n  }\r\n}\r\n",
            "content_base64": null,
            "content_base64sha256": "i4rkQiMNzkZfZCHgAiOAvcIZAYfhDfQV+xQoAsKecvw=",
            "content_base64sha512": "Wgab04KiNI1YlxjJLAoz1fJuYTAE0m663bywq7BLjvufRbQqB0JU1Dfv913qc5ODIv8neDBn3pB5QMaC+9PT4g==",
            "content_md5": "8f932219dffe189e7e5ad3534142afec",
            "content_sha1": "58fbba8990660a435cd77cf64485a383133f7193",
            "content_sha256": "8b8ae442230dce465f6421e0022380bdc2190187e10df415fb142802c29e72fc",
            "content_sha512": "5a069bd382a2348d589718c92c0a33d5f26e613004d26ebaddbcb0abb04b8efb9f45b42a074254d437eff75dea73938322ff27783067de907940c682fbd3d3e2",
            "directory_permission": "0777",
            "file_permission": "0644",
            "filename": "./backend.tf",
            "id": "58fbba8990660a435cd77cf64485a383133f7193",
            "sensitive_content": null,
            "source": null
          },
          "sensitive_attributes": [],
          "dependencies": [
            "module.terraform_state_backend.aws_dynamodb_table.with_server_side_encryption",
            "module.terraform_state_backend.aws_s3_bucket.default",
            "module.terraform_state_backend.data.aws_region.current"
          ]
        }
      ]
    },
    {
      "module": "module.terraform_state_backend",
      "mode": "managed",
      "type": "time_sleep",
      "name": "wait_for_aws_s3_bucket_settings",
      "provider": "provider[\"registry.terraform.io/hashicorp/time\"]",
      "instances": [
        {
          "index_key": 0,
          "schema_version": 0,
          "attributes": {
            "create_duration": "30s",
            "destroy_duration": "30s",
            "id": "2024-04-04T12:55:50Z",
            "triggers": null
          },
          "sensitive_attributes": [],
          "dependencies": [
            "module.terraform_state_backend.aws_s3_bucket.default",
            "module.terraform_state_backend.aws_s3_bucket_policy.default",
            "module.terraform_state_backend.aws_s3_bucket_public_access_block.default",
            "module.terraform_state_backend.data.aws_iam_policy_document.aggregated_policy",
            "module.terraform_state_backend.data.aws_iam_policy_document.bucket_policy"
          ]
        }
      ]
    }
  ],
  "check_results": [
    {
      "object_kind": "var",
      "config_addr": "module.terraform_state_backend.module.dynamodb_table_label.var.context",
      "status": "pass",
      "objects": [
        {
          "object_addr": "module.terraform_state_backend.module.dynamodb_table_label.var.context",
          "status": "pass"
        }
      ]
    },
    {
      "object_kind": "var",
      "config_addr": "module.terraform_state_backend.var.label_value_case",
      "status": "pass",
      "objects": [
        {
          "object_addr": "module.terraform_state_backend.var.label_value_case",
          "status": "pass"
        }
      ]
    },
    {
      "object_kind": "var",
      "config_addr": "module.terraform_state_backend.module.replication_label.var.label_value_case",
      "status": "unknown",
      "objects": [
        {
          "object_addr": "module.terraform_state_backend.module.replication_label.var.label_value_case",
          "status": "unknown"
        }
      ]
    },
    {
      "object_kind": "var",
      "config_addr": "module.terraform_state_backend.var.logging",
      "status": "unknown",
      "objects": [
        {
          "object_addr": "module.terraform_state_backend.var.logging",
          "status": "unknown"
        }
      ]
    },
    {
      "object_kind": "var",
      "config_addr": "module.terraform_state_backend.module.this.var.label_value_case",
      "status": "pass",
      "objects": [
        {
          "object_addr": "module.terraform_state_backend.module.this.var.label_value_case",
          "status": "pass"
        }
      ]
    },
    {
      "object_kind": "var",
      "config_addr": "module.terraform_state_backend.module.this.var.id_length_limit",
      "status": "pass",
      "objects": [
        {
          "object_addr": "module.terraform_state_backend.module.this.var.id_length_limit",
          "status": "pass"
        }
      ]
    },
    {
      "object_kind": "var",
      "config_addr": "module.terraform_state_backend.module.replication_label.var.id_length_limit",
      "status": "unknown",
      "objects": [
        {
          "object_addr": "module.terraform_state_backend.module.replication_label.var.id_length_limit",
          "status": "unknown"
        }
      ]
    },
    {
      "object_kind": "var",
      "config_addr": "module.terraform_state_backend.module.replication_label.var.label_key_case",
      "status": "unknown",
      "objects": [
        {
          "object_addr": "module.terraform_state_backend.module.replication_label.var.label_key_case",
          "status": "unknown"
        }
      ]
    },
    {
      "object_kind": "var",
      "config_addr": "module.terraform_state_backend.module.bucket_label.var.label_value_case",
      "status": "pass",
      "objects": [
        {
          "object_addr": "module.terraform_state_backend.module.bucket_label.var.label_value_case",
          "status": "pass"
        }
      ]
    },
    {
      "object_kind": "var",
      "config_addr": "module.terraform_state_backend.module.bucket_label.var.context",
      "status": "pass",
      "objects": [
        {
          "object_addr": "module.terraform_state_backend.module.bucket_label.var.context",
          "status": "pass"
        }
      ]
    },
    {
      "object_kind": "var",
      "config_addr": "module.terraform_state_backend.var.label_key_case",
      "status": "pass",
      "objects": [
        {
          "object_addr": "module.terraform_state_backend.var.label_key_case",
          "status": "pass"
        }
      ]
    },
    {
      "object_kind": "var",
      "config_addr": "module.terraform_state_backend.module.bucket_label.var.label_key_case",
      "status": "pass",
      "objects": [
        {
          "object_addr": "module.terraform_state_backend.module.bucket_label.var.label_key_case",
          "status": "pass"
        }
      ]
    },
    {
      "object_kind": "var",
      "config_addr": "module.terraform_state_backend.var.s3_bucket_name",
      "status": "pass",
      "objects": [
        {
          "object_addr": "module.terraform_state_backend.var.s3_bucket_name",
          "status": "pass"
        }
      ]
    },
    {
      "object_kind": "var",
      "config_addr": "module.terraform_state_backend.module.this.var.label_key_case",
      "status": "pass",
      "objects": [
        {
          "object_addr": "module.terraform_state_backend.module.this.var.label_key_case",
          "status": "pass"
        }
      ]
    },
    {
      "object_kind": "var",
      "config_addr": "module.terraform_state_backend.module.this.var.context",
      "status": "pass",
      "objects": [
        {
          "object_addr": "module.terraform_state_backend.module.this.var.context",
          "status": "pass"
        }
      ]
    },
    {
      "object_kind": "var",
      "config_addr": "module.terraform_state_backend.module.replication_label.var.context",
      "status": "unknown",
      "objects": [
        {
          "object_addr": "module.terraform_state_backend.module.replication_label.var.context",
          "status": "unknown"
        }
      ]
    },
    {
      "object_kind": "var",
      "config_addr": "module.terraform_state_backend.module.bucket_label.var.id_length_limit",
      "status": "pass",
      "objects": [
        {
          "object_addr": "module.terraform_state_backend.module.bucket_label.var.id_length_limit",
          "status": "pass"
        }
      ]
    },
    {
      "object_kind": "var",
      "config_addr": "module.terraform_state_backend.module.dynamodb_table_label.var.label_key_case",
      "status": "pass",
      "objects": [
        {
          "object_addr": "module.terraform_state_backend.module.dynamodb_table_label.var.label_key_case",
          "status": "pass"
        }
      ]
    },
    {
      "object_kind": "var",
      "config_addr": "module.terraform_state_backend.module.dynamodb_table_label.var.id_length_limit",
      "status": "pass",
      "objects": [
        {
          "object_addr": "module.terraform_state_backend.module.dynamodb_table_label.var.id_length_limit",
          "status": "pass"
        }
      ]
    },
    {
      "object_kind": "var",
      "config_addr": "module.terraform_state_backend.var.context",
      "status": "pass",
      "objects": [
        {
          "object_addr": "module.terraform_state_backend.var.context",
          "status": "pass"
        }
      ]
    },
    {
      "object_kind": "var",
      "config_addr": "module.terraform_state_backend.var.id_length_limit",
      "status": "pass",
      "objects": [
        {
          "object_addr": "module.terraform_state_backend.var.id_length_limit",
          "status": "pass"
        }
      ]
    },
    {
      "object_kind": "var",
      "config_addr": "module.terraform_state_backend.module.dynamodb_table_label.var.label_value_case",
      "status": "pass",
      "objects": [
        {
          "object_addr": "module.terraform_state_backend.module.dynamodb_table_label.var.label_value_case",
          "status": "pass"
        }
      ]
    }
  ]
}
